// !$*UTF8*$!
{
	archiveVersion = 1;
	classes = {
	};
	objectVersion = 46;
	objects = {

/* Begin PBXBuildFile section */
		8047B7591E3B92D800A9BBFD /* UserModel.m in Sources */ = {isa = PBXBuildFile; fileRef = 8047B7581E3B92D800A9BBFD /* UserModel.m */; };
		80DF567F1E03D6D4007FB432 /* main.m in Sources */ = {isa = PBXBuildFile; fileRef = 80DF567E1E03D6D4007FB432 /* main.m */; };
		80DF56871E03F63E007FB432 /* Helper.m in Sources */ = {isa = PBXBuildFile; fileRef = 80DF56861E03F63E007FB432 /* Helper.m */; };
		80DF57081E04069A007FB432 /* CoreDataService.m in Sources */ = {isa = PBXBuildFile; fileRef = 80DF57071E04069A007FB432 /* CoreDataService.m */; };
		80DF571D1E040E2F007FB432 /* CoreDataManager.m in Sources */ = {isa = PBXBuildFile; fileRef = 80DF571C1E040E2F007FB432 /* CoreDataManager.m */; };
		80DF571E1E04103B007FB432 /* WebServiceCL.xcdatamodeld in Sources */ = {isa = PBXBuildFile; fileRef = 80DF570A1E0407B5007FB432 /* WebServiceCL.xcdatamodeld */; };
		80F535B91E3F656B006BA010 /* FriendsListModel.m in Sources */ = {isa = PBXBuildFile; fileRef = 80F535B81E3F656B006BA010 /* FriendsListModel.m */; };
		80F535BF1E40D0DF006BA010 /* RealmManager.m in Sources */ = {isa = PBXBuildFile; fileRef = 80F535BE1E40D0DF006BA010 /* RealmManager.m */; };
		C345398946FAF8152AC5DA43 /* libPods-WebServiceCL.a in Frameworks */ = {isa = PBXBuildFile; fileRef = DCF5DDD61F45CBE3818042E0 /* libPods-WebServiceCL.a */; };
/* End PBXBuildFile section */

/* Begin PBXCopyFilesBuildPhase section */
		80DF56791E03D6D4007FB432 /* CopyFiles */ = {
			isa = PBXCopyFilesBuildPhase;
			buildActionMask = 2147483647;
			dstPath = /usr/share/man/man1/;
			dstSubfolderSpec = 0;
			files = (
			);
			runOnlyForDeploymentPostprocessing = 1;
		};
/* End PBXCopyFilesBuildPhase section */

/* Begin PBXFileReference section */
		41F8FDE87802BD01391FA901 /* Pods-WebServiceCL.debug.xcconfig */ = {isa = PBXFileReference; includeInIndex = 1; lastKnownFileType = text.xcconfig; name = "Pods-WebServiceCL.debug.xcconfig"; path = "Pods/Target Support Files/Pods-WebServiceCL/Pods-WebServiceCL.debug.xcconfig"; sourceTree = "<group>"; };
		8020DC651E113DB6002983FF /* User+CoreDataClass.h */ = {isa = PBXFileReference; fileEncoding = 4; lastKnownFileType = sourcecode.c.h; path = "User+CoreDataClass.h"; sourceTree = "<group>"; };
		8020DC661E113DB6002983FF /* User+CoreDataClass.m */ = {isa = PBXFileReference; fileEncoding = 4; lastKnownFileType = sourcecode.c.objc; path = "User+CoreDataClass.m"; sourceTree = "<group>"; };
		8020DC671E113DB6002983FF /* User+CoreDataProperties.h */ = {isa = PBXFileReference; fileEncoding = 4; lastKnownFileType = sourcecode.c.h; path = "User+CoreDataProperties.h"; sourceTree = "<group>"; };
		8020DC681E113DB6002983FF /* User+CoreDataProperties.m */ = {isa = PBXFileReference; fileEncoding = 4; lastKnownFileType = sourcecode.c.objc; path = "User+CoreDataProperties.m"; sourceTree = "<group>"; };
		8047B7571E3B92D800A9BBFD /* UserModel.h */ = {isa = PBXFileReference; fileEncoding = 4; lastKnownFileType = sourcecode.c.h; path = UserModel.h; sourceTree = "<group>"; };
		8047B7581E3B92D800A9BBFD /* UserModel.m */ = {isa = PBXFileReference; fileEncoding = 4; lastKnownFileType = sourcecode.c.objc; path = UserModel.m; sourceTree = "<group>"; };
		80DF567B1E03D6D4007FB432 /* WebServiceCL */ = {isa = PBXFileReference; explicitFileType = "compiled.mach-o.executable"; includeInIndex = 0; path = WebServiceCL; sourceTree = BUILT_PRODUCTS_DIR; };
		80DF567E1E03D6D4007FB432 /* main.m */ = {isa = PBXFileReference; lastKnownFileType = sourcecode.c.objc; path = main.m; sourceTree = "<group>"; };
		80DF56851E03F63E007FB432 /* Helper.h */ = {isa = PBXFileReference; fileEncoding = 4; lastKnownFileType = sourcecode.c.h; path = Helper.h; sourceTree = "<group>"; };
		80DF56861E03F63E007FB432 /* Helper.m */ = {isa = PBXFileReference; fileEncoding = 4; lastKnownFileType = sourcecode.c.objc; path = Helper.m; sourceTree = "<group>"; };
		80DF57061E04069A007FB432 /* CoreDataService.h */ = {isa = PBXFileReference; fileEncoding = 4; lastKnownFileType = sourcecode.c.h; path = CoreDataService.h; sourceTree = "<group>"; };
		80DF57071E04069A007FB432 /* CoreDataService.m */ = {isa = PBXFileReference; fileEncoding = 4; lastKnownFileType = sourcecode.c.objc; path = CoreDataService.m; sourceTree = "<group>"; };
		80DF570B1E0407B5007FB432 /* WebServiceCL.xcdatamodel */ = {isa = PBXFileReference; lastKnownFileType = wrapper.xcdatamodel; path = WebServiceCL.xcdatamodel; sourceTree = "<group>"; };
		80DF571B1E040E2F007FB432 /* CoreDataManager.h */ = {isa = PBXFileReference; fileEncoding = 4; lastKnownFileType = sourcecode.c.h; path = CoreDataManager.h; sourceTree = "<group>"; };
		80DF571C1E040E2F007FB432 /* CoreDataManager.m */ = {isa = PBXFileReference; fileEncoding = 4; lastKnownFileType = sourcecode.c.objc; path = CoreDataManager.m; sourceTree = "<group>"; };
		80F535B71E3F656B006BA010 /* FriendsListModel.h */ = {isa = PBXFileReference; fileEncoding = 4; lastKnownFileType = sourcecode.c.h; path = FriendsListModel.h; sourceTree = "<group>"; };
		80F535B81E3F656B006BA010 /* FriendsListModel.m */ = {isa = PBXFileReference; fileEncoding = 4; lastKnownFileType = sourcecode.c.objc; path = FriendsListModel.m; sourceTree = "<group>"; };
		80F535BC1E40CCC9006BA010 /* DatabaseManager.h */ = {isa = PBXFileReference; lastKnownFileType = sourcecode.c.h; path = DatabaseManager.h; sourceTree = "<group>"; };
		80F535BD1E40D0DF006BA010 /* RealmManager.h */ = {isa = PBXFileReference; fileEncoding = 4; lastKnownFileType = sourcecode.c.h; path = RealmManager.h; sourceTree = "<group>"; };
		80F535BE1E40D0DF006BA010 /* RealmManager.m */ = {isa = PBXFileReference; fileEncoding = 4; lastKnownFileType = sourcecode.c.objc; path = RealmManager.m; sourceTree = "<group>"; };
		DCF5DDD61F45CBE3818042E0 /* libPods-WebServiceCL.a */ = {isa = PBXFileReference; explicitFileType = archive.ar; includeInIndex = 0; path = "libPods-WebServiceCL.a"; sourceTree = BUILT_PRODUCTS_DIR; };
		EDBF0999C76D00565A310E83 /* Pods-WebServiceCL.release.xcconfig */ = {isa = PBXFileReference; includeInIndex = 1; lastKnownFileType = text.xcconfig; name = "Pods-WebServiceCL.release.xcconfig"; path = "Pods/Target Support Files/Pods-WebServiceCL/Pods-WebServiceCL.release.xcconfig"; sourceTree = "<group>"; };
/* End PBXFileReference section */

/* Begin PBXFrameworksBuildPhase section */
		80DF56781E03D6D4007FB432 /* Frameworks */ = {
			isa = PBXFrameworksBuildPhase;
			buildActionMask = 2147483647;
			files = (
				C345398946FAF8152AC5DA43 /* libPods-WebServiceCL.a in Frameworks */,
			);
			runOnlyForDeploymentPostprocessing = 0;
		};
/* End PBXFrameworksBuildPhase section */

/* Begin PBXGroup section */
		1DC34B8E148FF9C5E7C5D191 /* Frameworks */ = {
			isa = PBXGroup;
			children = (
				DCF5DDD61F45CBE3818042E0 /* libPods-WebServiceCL.a */,
			);
			name = Frameworks;
			sourceTree = "<group>";
		};
		80B14D3C1E3B8AF90038495F /* RealmModels */ = {
			isa = PBXGroup;
			children = (
				8047B7571E3B92D800A9BBFD /* UserModel.h */,
				8047B7581E3B92D800A9BBFD /* UserModel.m */,
				80F535B71E3F656B006BA010 /* FriendsListModel.h */,
				80F535B81E3F656B006BA010 /* FriendsListModel.m */,
			);
			name = RealmModels;
			sourceTree = "<group>";
		};
		80DF56721E03D6D4007FB432 = {
			isa = PBXGroup;
			children = (
				80DF567D1E03D6D4007FB432 /* WebServiceCL */,
				80DF567C1E03D6D4007FB432 /* Products */,
				EDBE6E9A6BEE97818DD810C5 /* Pods */,
				1DC34B8E148FF9C5E7C5D191 /* Frameworks */,
			);
			sourceTree = "<group>";
		};
		80DF567C1E03D6D4007FB432 /* Products */ = {
			isa = PBXGroup;
			children = (
				80DF567B1E03D6D4007FB432 /* WebServiceCL */,
			);
			name = Products;
			sourceTree = "<group>";
		};
		80DF567D1E03D6D4007FB432 /* WebServiceCL */ = {
			isa = PBXGroup;
			children = (
				80B14D3C1E3B8AF90038495F /* RealmModels */,
				80DF57091E040711007FB432 /* CoreData */,
				80DF567E1E03D6D4007FB432 /* main.m */,
				80DF56851E03F63E007FB432 /* Helper.h */,
				80DF56861E03F63E007FB432 /* Helper.m */,
				80DF570A1E0407B5007FB432 /* WebServiceCL.xcdatamodeld */,
			);
			path = WebServiceCL;
			sourceTree = "<group>";
		};
		80DF57091E040711007FB432 /* CoreData */ = {
			isa = PBXGroup;
			children = (
				8020DC651E113DB6002983FF /* User+CoreDataClass.h */,
				8020DC661E113DB6002983FF /* User+CoreDataClass.m */,
				8020DC671E113DB6002983FF /* User+CoreDataProperties.h */,
				8020DC681E113DB6002983FF /* User+CoreDataProperties.m */,
				80DF57061E04069A007FB432 /* CoreDataService.h */,
				80DF57071E04069A007FB432 /* CoreDataService.m */,
				80DF570D1E040DC7007FB432 /* Models */,
			);
			name = CoreData;
			sourceTree = "<group>";
		};
		80DF570D1E040DC7007FB432 /* Models */ = {
			isa = PBXGroup;
			children = (
				80DF571A1E040E14007FB432 /* UserModelManager */,
			);
			name = Models;
			sourceTree = "<group>";
		};
		80DF571A1E040E14007FB432 /* UserModelManager */ = {
			isa = PBXGroup;
			children = (
				80F535BC1E40CCC9006BA010 /* DatabaseManager.h */,
				80DF571B1E040E2F007FB432 /* CoreDataManager.h */,
				80DF571C1E040E2F007FB432 /* CoreDataManager.m */,
				80F535BD1E40D0DF006BA010 /* RealmManager.h */,
				80F535BE1E40D0DF006BA010 /* RealmManager.m */,
			);
			name = UserModelManager;
			sourceTree = "<group>";
		};
		EDBE6E9A6BEE97818DD810C5 /* Pods */ = {
			isa = PBXGroup;
			children = (
				41F8FDE87802BD01391FA901 /* Pods-WebServiceCL.debug.xcconfig */,
				EDBF0999C76D00565A310E83 /* Pods-WebServiceCL.release.xcconfig */,
			);
			name = Pods;
			sourceTree = "<group>";
		};
/* End PBXGroup section */

/* Begin PBXNativeTarget section */
		80DF567A1E03D6D4007FB432 /* WebServiceCL */ = {
			isa = PBXNativeTarget;
			buildConfigurationList = 80DF56821E03D6D4007FB432 /* Build configuration list for PBXNativeTarget "WebServiceCL" */;
			buildPhases = (
				4DC21385357012E6FB3C81E1 /* [CP] Check Pods Manifest.lock */,
				80DF56771E03D6D4007FB432 /* Sources */,
				80DF56781E03D6D4007FB432 /* Frameworks */,
				80DF56791E03D6D4007FB432 /* CopyFiles */,
				22BE983ED048760D9E47DAB4 /* [CP] Copy Pods Resources */,
			);
			buildRules = (
			);
			dependencies = (
			);
			name = WebServiceCL;
			productName = WebServiceCL;
			productReference = 80DF567B1E03D6D4007FB432 /* WebServiceCL */;
			productType = "com.apple.product-type.tool";
		};
/* End PBXNativeTarget section */

/* Begin PBXProject section */
		80DF56731E03D6D4007FB432 /* Project object */ = {
			isa = PBXProject;
			attributes = {
				LastUpgradeCheck = 0820;
				ORGANIZATIONNAME = EGS;
				TargetAttributes = {
					80DF567A1E03D6D4007FB432 = {
						CreatedOnToolsVersion = 8.1;
						ProvisioningStyle = Automatic;
					};
				};
			};
			buildConfigurationList = 80DF56761E03D6D4007FB432 /* Build configuration list for PBXProject "WebServiceCL" */;
			compatibilityVersion = "Xcode 3.2";
			developmentRegion = English;
			hasScannedForEncodings = 0;
			knownRegions = (
				en,
			);
			mainGroup = 80DF56721E03D6D4007FB432;
			productRefGroup = 80DF567C1E03D6D4007FB432 /* Products */;
			projectDirPath = "";
			projectRoot = "";
			targets = (
				80DF567A1E03D6D4007FB432 /* WebServiceCL */,
			);
		};
/* End PBXProject section */

/* Begin PBXShellScriptBuildPhase section */
		22BE983ED048760D9E47DAB4 /* [CP] Copy Pods Resources */ = {
			isa = PBXShellScriptBuildPhase;
			buildActionMask = 2147483647;
			files = (
			);
			inputPaths = (
			);
			name = "[CP] Copy Pods Resources";
			outputPaths = (
			);
			runOnlyForDeploymentPostprocessing = 0;
			shellPath = /bin/sh;
			shellScript = "\"${SRCROOT}/Pods/Target Support Files/Pods-WebServiceCL/Pods-WebServiceCL-resources.sh\"\n";
			showEnvVarsInLog = 0;
		};
		4DC21385357012E6FB3C81E1 /* [CP] Check Pods Manifest.lock */ = {
			isa = PBXShellScriptBuildPhase;
			buildActionMask = 2147483647;
			files = (
			);
			inputPaths = (
			);
			name = "[CP] Check Pods Manifest.lock";
			outputPaths = (
			);
			runOnlyForDeploymentPostprocessing = 0;
			shellPath = /bin/sh;
			shellScript = "diff \"${PODS_ROOT}/../Podfile.lock\" \"${PODS_ROOT}/Manifest.lock\" > /dev/null\nif [ $? != 0 ] ; then\n    # print error to STDERR\n    echo \"error: The sandbox is not in sync with the Podfile.lock. Run 'pod install' or update your CocoaPods installation.\" >&2\n    exit 1\nfi\n";
			showEnvVarsInLog = 0;
		};
/* End PBXShellScriptBuildPhase section */

/* Begin PBXSourcesBuildPhase section */
		80DF56771E03D6D4007FB432 /* Sources */ = {
			isa = PBXSourcesBuildPhase;
			buildActionMask = 2147483647;
			files = (
				80DF571E1E04103B007FB432 /* WebServiceCL.xcdatamodeld in Sources */,
				80F535B91E3F656B006BA010 /* FriendsListModel.m in Sources */,
				80DF571D1E040E2F007FB432 /* CoreDataManager.m in Sources */,
				8047B7591E3B92D800A9BBFD /* UserModel.m in Sources */,
				80DF57081E04069A007FB432 /* CoreDataService.m in Sources */,
				80F535BF1E40D0DF006BA010 /* RealmManager.m in Sources */,
				80DF567F1E03D6D4007FB432 /* main.m in Sources */,
				80DF56871E03F63E007FB432 /* Helper.m in Sources */,
			);
			runOnlyForDeploymentPostprocessing = 0;
		};
/* End PBXSourcesBuildPhase section */

/* Begin XCBuildConfiguration section */
		80DF56801E03D6D4007FB432 /* Debug */ = {
			isa = XCBuildConfiguration;
			buildSettings = {
				ALWAYS_SEARCH_USER_PATHS = NO;
				CLANG_ANALYZER_NONNULL = YES;
				CLANG_CXX_LANGUAGE_STANDARD = "gnu++0x";
				CLANG_CXX_LIBRARY = "libc++";
				CLANG_ENABLE_MODULES = YES;
				CLANG_ENABLE_OBJC_ARC = YES;
				CLANG_WARN_BOOL_CONVERSION = YES;
				CLANG_WARN_CONSTANT_CONVERSION = YES;
				CLANG_WARN_DIRECT_OBJC_ISA_USAGE = YES_ERROR;
				CLANG_WARN_DOCUMENTATION_COMMENTS = YES;
				CLANG_WARN_EMPTY_BODY = YES;
				CLANG_WARN_ENUM_CONVERSION = YES;
				CLANG_WARN_INFINITE_RECURSION = YES;
				CLANG_WARN_INT_CONVERSION = YES;
				CLANG_WARN_OBJC_ROOT_CLASS = YES_ERROR;
				CLANG_WARN_SUSPICIOUS_MOVE = YES;
				CLANG_WARN_SUSPICIOUS_MOVES = YES;
				CLANG_WARN_UNREACHABLE_CODE = YES;
				CLANG_WARN__DUPLICATE_METHOD_MATCH = YES;
				CODE_SIGN_IDENTITY = "-";
				COPY_PHASE_STRIP = NO;
				DEBUG_INFORMATION_FORMAT = dwarf;
				ENABLE_STRICT_OBJC_MSGSEND = YES;
				ENABLE_TESTABILITY = YES;
				GCC_C_LANGUAGE_STANDARD = gnu99;
				GCC_DYNAMIC_NO_PIC = NO;
				GCC_NO_COMMON_BLOCKS = YES;
				GCC_OPTIMIZATION_LEVEL = 0;
				GCC_PREPROCESSOR_DEFINITIONS = (
					"DEBUG=1",
					"$(inherited)",
				);
				GCC_WARN_64_TO_32_BIT_CONVERSION = YES;
				GCC_WARN_ABOUT_RETURN_TYPE = YES_ERROR;
				GCC_WARN_UNDECLARED_SELECTOR = YES;
				GCC_WARN_UNINITIALIZED_AUTOS = YES_AGGRESSIVE;
				GCC_WARN_UNUSED_FUNCTION = YES;
				GCC_WARN_UNUSED_VARIABLE = YES;
				MACOSX_DEPLOYMENT_TARGET = 10.12;
				MTL_ENABLE_DEBUG_INFO = YES;
				ONLY_ACTIVE_ARCH = YES;
				SDKROOT = macosx;
			};
			name = Debug;
		};
		80DF56811E03D6D4007FB432 /* Release */ = {
			isa = XCBuildConfiguration;
			buildSettings = {
				ALWAYS_SEARCH_USER_PATHS = NO;
				CLANG_ANALYZER_NONNULL = YES;
				CLANG_CXX_LANGUAGE_STANDARD = "gnu++0x";
				CLANG_CXX_LIBRARY = "libc++";
				CLANG_ENABLE_MODULES = YES;
				CLANG_ENABLE_OBJC_ARC = YES;
				CLANG_WARN_BOOL_CONVERSION = YES;
				CLANG_WARN_CONSTANT_CONVERSION = YES;
				CLANG_WARN_DIRECT_OBJC_ISA_USAGE = YES_ERROR;
				CLANG_WARN_DOCUMENTATION_COMMENTS = YES;
				CLANG_WARN_EMPTY_BODY = YES;
				CLANG_WARN_ENUM_CONVERSION = YES;
				CLANG_WARN_INFINITE_RECURSION = YES;
				CLANG_WARN_INT_CONVERSION = YES;
				CLANG_WARN_OBJC_ROOT_CLASS = YES_ERROR;
				CLANG_WARN_SUSPICIOUS_MOVE = YES;
				CLANG_WARN_SUSPICIOUS_MOVES = YES;
				CLANG_WARN_UNREACHABLE_CODE = YES;
				CLANG_WARN__DUPLICATE_METHOD_MATCH = YES;
				CODE_SIGN_IDENTITY = "-";
				COPY_PHASE_STRIP = NO;
				DEBUG_INFORMATION_FORMAT = "dwarf-with-dsym";
				ENABLE_NS_ASSERTIONS = NO;
				ENABLE_STRICT_OBJC_MSGSEND = YES;
				GCC_C_LANGUAGE_STANDARD = gnu99;
				GCC_NO_COMMON_BLOCKS = YES;
				GCC_WARN_64_TO_32_BIT_CONVERSION = YES;
				GCC_WARN_ABOUT_RETURN_TYPE = YES_ERROR;
				GCC_WARN_UNDECLARED_SELECTOR = YES;
				GCC_WARN_UNINITIALIZED_AUTOS = YES_AGGRESSIVE;
				GCC_WARN_UNUSED_FUNCTION = YES;
				GCC_WARN_UNUSED_VARIABLE = YES;
				MACOSX_DEPLOYMENT_TARGET = 10.12;
				MTL_ENABLE_DEBUG_INFO = NO;
				SDKROOT = macosx;
			};
			name = Release;
		};
		80DF56831E03D6D4007FB432 /* Debug */ = {
			isa = XCBuildConfiguration;
			baseConfigurationReference = 41F8FDE87802BD01391FA901 /* Pods-WebServiceCL.debug.xcconfig */;
			buildSettings = {
				PRODUCT_NAME = "$(TARGET_NAME)";
			};
			name = Debug;
		};
		80DF56841E03D6D4007FB432 /* Release */ = {
			isa = XCBuildConfiguration;
			baseConfigurationReference = EDBF0999C76D00565A310E83 /* Pods-WebServiceCL.release.xcconfig */;
			buildSettings = {
				PRODUCT_NAME = "$(TARGET_NAME)";
			};
			name = Release;
		};
/* End XCBuildConfiguration section */

/* Begin XCConfigurationList section */
		80DF56761E03D6D4007FB432 /* Build configuration list for PBXProject "WebServiceCL" */ = {
			isa = XCConfigurationList;
			buildConfigurations = (
				80DF56801E03D6D4007FB432 /* Debug */,
				80DF56811E03D6D4007FB432 /* Release */,
			);
			defaultConfigurationIsVisible = 0;
			defaultConfigurationName = Release;
		};
		80DF56821E03D6D4007FB432 /* Build configuration list for PBXNativeTarget "WebServiceCL" */ = {
			isa = XCConfigurationList;
			buildConfigurations = (
				80DF56831E03D6D4007FB432 /* Debug */,
				80DF56841E03D6D4007FB432 /* Release */,
			);
			defaultConfigurationIsVisible = 0;
			defaultConfigurationName = Release;
		};
/* End XCConfigurationList section */

/* Begin XCVersionGroup section */
		80DF570A1E0407B5007FB432 /* WebServiceCL.xcdatamodeld */ = {
			isa = XCVersionGroup;
			children = (
				80DF570B1E0407B5007FB432 /* WebServiceCL.xcdatamodel */,
			);
			currentVersion = 80DF570B1E0407B5007FB432 /* WebServiceCL.xcdatamodel */;
			path = WebServiceCL.xcdatamodeld;
			sourceTree = "<group>";
			versionGroupType = wrapper.xcdatamodel;
		};
/* End XCVersionGroup section */
	};
	rootObject = 80DF56731E03D6D4007FB432 /* Project object */;
}
